
Microsoft Visual Studio Solution File, Format Version 12.00
# Visual Studio Version 17
VisualStudioVersion = 17.6.33829.357
MinimumVisualStudioVersion = 10.0.40219.1
Project("{9A19103F-16F7-4668-BE54-9A1E7A4F7556}") = "Lucca", "Lucca\Lucca.csproj", "{893D6877-19FB-442A-8B51-94E3B9B5C252}"
EndProject
Project("{9A19103F-16F7-4668-BE54-9A1E7A4F7556}") = "Business", "Business\Business.csproj", "{54EB8266-65D3-4058-B32E-2756289FE042}"
EndProject
Project("{9A19103F-16F7-4668-BE54-9A1E7A4F7556}") = "Repository", "Repository\Repository.csproj", "{87B8B270-1B7E-4745-BFDF-0553ADB9779F}"
EndProject
Project("{FAE04EC0-301F-11D3-BF4B-00C04F79EFBC}") = "Lucca.Test", "Lucca.Test\Lucca.Test.csproj", "{89E564E3-BBA5-4F4F-A513-DB07172CBE90}"
EndProject
Global
	GlobalSection(SolutionConfigurationPlatforms) = preSolution
		Debug|Any CPU = Debug|Any CPU
		Release|Any CPU = Release|Any CPU
	EndGlobalSection
	GlobalSection(ProjectConfigurationPlatforms) = postSolution
		{893D6877-19FB-442A-8B51-94E3B9B5C252}.Debug|Any CPU.ActiveCfg = Debug|Any CPU
		{893D6877-19FB-442A-8B51-94E3B9B5C252}.Debug|Any CPU.Build.0 = Debug|Any CPU
		{893D6877-19FB-442A-8B51-94E3B9B5C252}.Release|Any CPU.ActiveCfg = Release|Any CPU
		{893D6877-19FB-442A-8B51-94E3B9B5C252}.Release|Any CPU.Build.0 = Release|Any CPU
		{54EB8266-65D3-4058-B32E-2756289FE042}.Debug|Any CPU.ActiveCfg = Debug|Any CPU
		{54EB8266-65D3-4058-B32E-2756289FE042}.Debug|Any CPU.Build.0 = Debug|Any CPU
		{54EB8266-65D3-4058-B32E-2756289FE042}.Release|Any CPU.ActiveCfg = Release|Any CPU
		{54EB8266-65D3-4058-B32E-2756289FE042}.Release|Any CPU.Build.0 = Release|Any CPU
		{87B8B270-1B7E-4745-BFDF-0553ADB9779F}.Debug|Any CPU.ActiveCfg = Debug|Any CPU
		{87B8B270-1B7E-4745-BFDF-0553ADB9779F}.Debug|Any CPU.Build.0 = Debug|Any CPU
		{87B8B270-1B7E-4745-BFDF-0553ADB9779F}.Release|Any CPU.ActiveCfg = Release|Any CPU
		{87B8B270-1B7E-4745-BFDF-0553ADB9779F}.Release|Any CPU.Build.0 = Release|Any CPU
		{89E564E3-BBA5-4F4F-A513-DB07172CBE90}.Debug|Any CPU.ActiveCfg = Debug|Any CPU
		{89E564E3-BBA5-4F4F-A513-DB07172CBE90}.Debug|Any CPU.Build.0 = Debug|Any CPU
		{89E564E3-BBA5-4F4F-A513-DB07172CBE90}.Release|Any CPU.ActiveCfg = Release|Any CPU
		{89E564E3-BBA5-4F4F-A513-DB07172CBE90}.Release|Any CPU.Build.0 = Release|Any CPU
	EndGlobalSection
	GlobalSection(SolutionProperties) = preSolution
		HideSolutionNode = FALSE
	EndGlobalSection
	GlobalSection(ExtensibilityGlobals) = postSolution
		SolutionGuid = {E9A5C876-0C85-43C3-B649-ADB582CF95C4}
	EndGlobalSection
EndGlobal
